// !$*UTF8*$!
{
	archiveVersion = 1;
	classes = {
	};
	objectVersion = 55;
	objects = {

/* Begin PBXBuildFile section */
		9D4B81C628D6395900F2264F /* libfmt.a in Frameworks */ = {isa = PBXBuildFile; fileRef = 9D4B81C428D6395900F2264F /* libfmt.a */; };
		9D4B81CF28D63A7800F2264F /* CommThread.cpp in Sources */ = {isa = PBXBuildFile; fileRef = 9D4B81C828D63A7700F2264F /* CommThread.cpp */; };
		9D4B81D028D63A7800F2264F /* StereoMeter.cpp in Sources */ = {isa = PBXBuildFile; fileRef = 9D4B81C928D63A7700F2264F /* StereoMeter.cpp */; };
		9D4B81D128D63A7800F2264F /* smoovcontrol.cpp in Sources */ = {isa = PBXBuildFile; fileRef = 9D4B81CB28D63A7800F2264F /* smoovcontrol.cpp */; };
		9D4B81D228D63A7800F2264F /* MainWindow.cpp in Sources */ = {isa = PBXBuildFile; fileRef = 9D4B81CC28D63A7800F2264F /* MainWindow.cpp */; };
/* End PBXBuildFile section */

/* Begin PBXCopyFilesBuildPhase section */
		9D4B81AA28D6375000F2264F /* CopyFiles */ = {
			isa = PBXCopyFilesBuildPhase;
			buildActionMask = 2147483647;
			dstPath = /usr/share/man/man1/;
			dstSubfolderSpec = 0;
			files = (
			);
			runOnlyForDeploymentPostprocessing = 1;
		};
/* End PBXCopyFilesBuildPhase section */

/* Begin PBXFileReference section */
		9D4B81AC28D6375000F2264F /* smoovcontrol */ = {isa = PBXFileReference; explicitFileType = "compiled.mach-o.executable"; includeInIndex = 0; path = smoovcontrol; sourceTree = BUILT_PRODUCTS_DIR; };
		9D4B81C328D6395900F2264F /* libfltk.a */ = {isa = PBXFileReference; lastKnownFileType = archive.ar; name = libfltk.a; path = ../../../usr/local/lib/libfltk.a; sourceTree = "<group>"; };
		9D4B81C428D6395900F2264F /* libfmt.a */ = {isa = PBXFileReference; lastKnownFileType = archive.ar; name = libfmt.a; path = ../../../usr/local/Cellar/fmt/9.1.0/lib/libfmt.a; sourceTree = "<group>"; };
		9D4B81C728D63A7700F2264F /* MainWindow.h */ = {isa = PBXFileReference; fileEncoding = 4; lastKnownFileType = sourcecode.c.h; path = MainWindow.h; sourceTree = "<group>"; };
		9D4B81C828D63A7700F2264F /* CommThread.cpp */ = {isa = PBXFileReference; fileEncoding = 4; lastKnownFileType = sourcecode.cpp.cpp; path = CommThread.cpp; sourceTree = "<group>"; };
		9D4B81C928D63A7700F2264F /* StereoMeter.cpp */ = {isa = PBXFileReference; fileEncoding = 4; lastKnownFileType = sourcecode.cpp.cpp; path = StereoMeter.cpp; sourceTree = "<group>"; };
		9D4B81CA28D63A7800F2264F /* CommThread.h */ = {isa = PBXFileReference; fileEncoding = 4; lastKnownFileType = sourcecode.c.h; path = CommThread.h; sourceTree = "<group>"; };
		9D4B81CB28D63A7800F2264F /* smoovcontrol.cpp */ = {isa = PBXFileReference; fileEncoding = 4; lastKnownFileType = sourcecode.cpp.cpp; path = smoovcontrol.cpp; sourceTree = "<group>"; };
		9D4B81CC28D63A7800F2264F /* MainWindow.cpp */ = {isa = PBXFileReference; fileEncoding = 4; lastKnownFileType = sourcecode.cpp.cpp; path = MainWindow.cpp; sourceTree = "<group>"; };
		9D4B81CD28D63A7800F2264F /* StereoMeter.h */ = {isa = PBXFileReference; fileEncoding = 4; lastKnownFileType = sourcecode.c.h; path = StereoMeter.h; sourceTree = "<group>"; };
		9D4B81CE28D63A7800F2264F /* common_defs.h */ = {isa = PBXFileReference; fileEncoding = 4; lastKnownFileType = sourcecode.c.h; path = common_defs.h; sourceTree = "<group>"; };
/* End PBXFileReference section */

/* Begin PBXFrameworksBuildPhase section */
		9D4B81A928D6375000F2264F /* Frameworks */ = {
			isa = PBXFrameworksBuildPhase;
			buildActionMask = 2147483647;
			files = (
				9D4B81C628D6395900F2264F /* libfmt.a in Frameworks */,
			);
			runOnlyForDeploymentPostprocessing = 0;
		};
/* End PBXFrameworksBuildPhase section */

/* Begin PBXGroup section */
		9D4B81A328D6375000F2264F = {
			isa = PBXGroup;
			children = (
				9D4B81AE28D6375000F2264F /* smoovcontrol */,
				9D4B81AD28D6375000F2264F /* Products */,
				9D4B81C228D6395900F2264F /* Frameworks */,
			);
			sourceTree = "<group>";
		};
		9D4B81AD28D6375000F2264F /* Products */ = {
			isa = PBXGroup;
			children = (
				9D4B81AC28D6375000F2264F /* smoovcontrol */,
			);
			name = Products;
			sourceTree = "<group>";
		};
		9D4B81AE28D6375000F2264F /* smoovcontrol */ = {
			isa = PBXGroup;
			children = (
				9D4B81CE28D63A7800F2264F /* common_defs.h */,
				9D4B81C828D63A7700F2264F /* CommThread.cpp */,
				9D4B81CA28D63A7800F2264F /* CommThread.h */,
				9D4B81CC28D63A7800F2264F /* MainWindow.cpp */,
				9D4B81C728D63A7700F2264F /* MainWindow.h */,
				9D4B81CB28D63A7800F2264F /* smoovcontrol.cpp */,
				9D4B81C928D63A7700F2264F /* StereoMeter.cpp */,
				9D4B81CD28D63A7800F2264F /* StereoMeter.h */,
			);
			path = smoovcontrol;
			sourceTree = "<group>";
		};
		9D4B81C228D6395900F2264F /* Frameworks */ = {
			isa = PBXGroup;
			children = (
				9D4B81C328D6395900F2264F /* libfltk.a */,
				9D4B81C428D6395900F2264F /* libfmt.a */,
			);
			name = Frameworks;
			sourceTree = "<group>";
		};
/* End PBXGroup section */

/* Begin PBXNativeTarget section */
		9D4B81AB28D6375000F2264F /* smoovcontrol */ = {
			isa = PBXNativeTarget;
			buildConfigurationList = 9D4B81B328D6375000F2264F /* Build configuration list for PBXNativeTarget "smoovcontrol" */;
			buildPhases = (
				9D4B81A828D6375000F2264F /* Sources */,
				9D4B81A928D6375000F2264F /* Frameworks */,
				9D4B81AA28D6375000F2264F /* CopyFiles */,
			);
			buildRules = (
			);
			dependencies = (
			);
			name = smoovcontrol;
			productName = smoovcontrol;
			productReference = 9D4B81AC28D6375000F2264F /* smoovcontrol */;
			productType = "com.apple.product-type.tool";
		};
/* End PBXNativeTarget section */

/* Begin PBXProject section */
		9D4B81A428D6375000F2264F /* Project object */ = {
			isa = PBXProject;
			attributes = {
				BuildIndependentTargetsInParallel = 1;
				LastUpgradeCheck = 1320;
				TargetAttributes = {
					9D4B81AB28D6375000F2264F = {
						CreatedOnToolsVersion = 13.2.1;
					};
				};
			};
			buildConfigurationList = 9D4B81A728D6375000F2264F /* Build configuration list for PBXProject "smoovcontrol" */;
			compatibilityVersion = "Xcode 13.0";
			developmentRegion = en;
			hasScannedForEncodings = 0;
			knownRegions = (
				en,
				Base,
			);
			mainGroup = 9D4B81A328D6375000F2264F;
			productRefGroup = 9D4B81AD28D6375000F2264F /* Products */;
			projectDirPath = "";
			projectRoot = "";
			targets = (
				9D4B81AB28D6375000F2264F /* smoovcontrol */,
			);
		};
/* End PBXProject section */

/* Begin PBXSourcesBuildPhase section */
		9D4B81A828D6375000F2264F /* Sources */ = {
			isa = PBXSourcesBuildPhase;
			buildActionMask = 2147483647;
			files = (
				9D4B81D228D63A7800F2264F /* MainWindow.cpp in Sources */,
				9D4B81CF28D63A7800F2264F /* CommThread.cpp in Sources */,
				9D4B81D128D63A7800F2264F /* smoovcontrol.cpp in Sources */,
				9D4B81D028D63A7800F2264F /* StereoMeter.cpp in Sources */,
			);
			runOnlyForDeploymentPostprocessing = 0;
		};
/* End PBXSourcesBuildPhase section */

/* Begin XCBuildConfiguration section */
		9D4B81B128D6375000F2264F /* Debug */ = {
			isa = XCBuildConfiguration;
			buildSettings = {
				ALWAYS_SEARCH_USER_PATHS = NO;
				CLANG_ANALYZER_NONNULL = YES;
				CLANG_ANALYZER_NUMBER_OBJECT_CONVERSION = YES_AGGRESSIVE;
				CLANG_CXX_LANGUAGE_STANDARD = "gnu++17";
				CLANG_CXX_LIBRARY = "libc++";
				CLANG_ENABLE_MODULES = YES;
				CLANG_ENABLE_OBJC_ARC = YES;
				CLANG_ENABLE_OBJC_WEAK = YES;
				CLANG_WARN_BLOCK_CAPTURE_AUTORELEASING = YES;
				CLANG_WARN_BOOL_CONVERSION = YES;
				CLANG_WARN_COMMA = YES;
				CLANG_WARN_CONSTANT_CONVERSION = YES;
				CLANG_WARN_DEPRECATED_OBJC_IMPLEMENTATIONS = YES;
				CLANG_WARN_DIRECT_OBJC_ISA_USAGE = YES_ERROR;
				CLANG_WARN_DOCUMENTATION_COMMENTS = YES;
				CLANG_WARN_EMPTY_BODY = YES;
				CLANG_WARN_ENUM_CONVERSION = YES;
				CLANG_WARN_INFINITE_RECURSION = YES;
				CLANG_WARN_INT_CONVERSION = YES;
				CLANG_WARN_NON_LITERAL_NULL_CONVERSION = YES;
				CLANG_WARN_OBJC_IMPLICIT_RETAIN_SELF = YES;
				CLANG_WARN_OBJC_LITERAL_CONVERSION = YES;
				CLANG_WARN_OBJC_ROOT_CLASS = YES_ERROR;
				CLANG_WARN_QUOTED_INCLUDE_IN_FRAMEWORK_HEADER = YES;
				CLANG_WARN_RANGE_LOOP_ANALYSIS = YES;
				CLANG_WARN_STRICT_PROTOTYPES = YES;
				CLANG_WARN_SUSPICIOUS_MOVE = YES;
				CLANG_WARN_UNGUARDED_AVAILABILITY = YES_AGGRESSIVE;
				CLANG_WARN_UNREACHABLE_CODE = YES;
				CLANG_WARN__DUPLICATE_METHOD_MATCH = YES;
				COPY_PHASE_STRIP = NO;
				DEBUG_INFORMATION_FORMAT = dwarf;
				ENABLE_STRICT_OBJC_MSGSEND = YES;
				ENABLE_TESTABILITY = YES;
				GCC_C_LANGUAGE_STANDARD = gnu11;
				GCC_DYNAMIC_NO_PIC = NO;
				GCC_NO_COMMON_BLOCKS = YES;
				GCC_OPTIMIZATION_LEVEL = 0;
				GCC_PREPROCESSOR_DEFINITIONS = (
					"DEBUG=1",
					"$(inherited)",
				);
				GCC_WARN_64_TO_32_BIT_CONVERSION = YES;
				GCC_WARN_ABOUT_RETURN_TYPE = YES_ERROR;
				GCC_WARN_UNDECLARED_SELECTOR = YES;
				GCC_WARN_UNINITIALIZED_AUTOS = YES_AGGRESSIVE;
				GCC_WARN_UNUSED_FUNCTION = YES;
				GCC_WARN_UNUSED_VARIABLE = YES;
				MACOSX_DEPLOYMENT_TARGET = 11.6;
				MTL_ENABLE_DEBUG_INFO = INCLUDE_SOURCE;
				MTL_FAST_MATH = YES;
				ONLY_ACTIVE_ARCH = YES;
				SDKROOT = macosx;
			};
			name = Debug;
		};
		9D4B81B228D6375000F2264F /* Release */ = {
			isa = XCBuildConfiguration;
			buildSettings = {
				ALWAYS_SEARCH_USER_PATHS = NO;
				CLANG_ANALYZER_NONNULL = YES;
				CLANG_ANALYZER_NUMBER_OBJECT_CONVERSION = YES_AGGRESSIVE;
				CLANG_CXX_LANGUAGE_STANDARD = "gnu++17";
				CLANG_CXX_LIBRARY = "libc++";
				CLANG_ENABLE_MODULES = YES;
				CLANG_ENABLE_OBJC_ARC = YES;
				CLANG_ENABLE_OBJC_WEAK = YES;
				CLANG_WARN_BLOCK_CAPTURE_AUTORELEASING = YES;
				CLANG_WARN_BOOL_CONVERSION = YES;
				CLANG_WARN_COMMA = YES;
				CLANG_WARN_CONSTANT_CONVERSION = YES;
				CLANG_WARN_DEPRECATED_OBJC_IMPLEMENTATIONS = YES;
				CLANG_WARN_DIRECT_OBJC_ISA_USAGE = YES_ERROR;
				CLANG_WARN_DOCUMENTATION_COMMENTS = YES;
				CLANG_WARN_EMPTY_BODY = YES;
				CLANG_WARN_ENUM_CONVERSION = YES;
				CLANG_WARN_INFINITE_RECURSION = YES;
				CLANG_WARN_INT_CONVERSION = YES;
				CLANG_WARN_NON_LITERAL_NULL_CONVERSION = YES;
				CLANG_WARN_OBJC_IMPLICIT_RETAIN_SELF = YES;
				CLANG_WARN_OBJC_LITERAL_CONVERSION = YES;
				CLANG_WARN_OBJC_ROOT_CLASS = YES_ERROR;
				CLANG_WARN_QUOTED_INCLUDE_IN_FRAMEWORK_HEADER = YES;
				CLANG_WARN_RANGE_LOOP_ANALYSIS = YES;
				CLANG_WARN_STRICT_PROTOTYPES = YES;
				CLANG_WARN_SUSPICIOUS_MOVE = YES;
				CLANG_WARN_UNGUARDED_AVAILABILITY = YES_AGGRESSIVE;
				CLANG_WARN_UNREACHABLE_CODE = YES;
				CLANG_WARN__DUPLICATE_METHOD_MATCH = YES;
				COPY_PHASE_STRIP = NO;
				DEBUG_INFORMATION_FORMAT = "dwarf-with-dsym";
				ENABLE_NS_ASSERTIONS = NO;
				ENABLE_STRICT_OBJC_MSGSEND = YES;
				GCC_C_LANGUAGE_STANDARD = gnu11;
				GCC_NO_COMMON_BLOCKS = YES;
				GCC_WARN_64_TO_32_BIT_CONVERSION = YES;
				GCC_WARN_ABOUT_RETURN_TYPE = YES_ERROR;
				GCC_WARN_UNDECLARED_SELECTOR = YES;
				GCC_WARN_UNINITIALIZED_AUTOS = YES_AGGRESSIVE;
				GCC_WARN_UNUSED_FUNCTION = YES;
				GCC_WARN_UNUSED_VARIABLE = YES;
				MACOSX_DEPLOYMENT_TARGET = 11.6;
				MTL_ENABLE_DEBUG_INFO = NO;
				MTL_FAST_MATH = YES;
				SDKROOT = macosx;
			};
			name = Release;
		};
		9D4B81B428D6375000F2264F /* Debug */ = {
			isa = XCBuildConfiguration;
			buildSettings = {
				CODE_SIGN_STYLE = Automatic;
				HEADER_SEARCH_PATHS = /usr/local/include;
				LIBRARY_SEARCH_PATHS = (
					/usr/local/lib,
					/usr/local/Cellar/fmt/9.1.0/lib,
				);
				OTHER_LDFLAGS = (
					/usr/local/lib/libfltk.a,
					"-lpthread",
					"-framework",
					Cocoa,
				);
				PRODUCT_NAME = "$(TARGET_NAME)";
			};
			name = Debug;
		};
		9D4B81B528D6375000F2264F /* Release */ = {
			isa = XCBuildConfiguration;
			buildSettings = {
				CODE_SIGN_STYLE = Automatic;
				HEADER_SEARCH_PATHS = /usr/local/include;
				LIBRARY_SEARCH_PATHS = (
					/usr/local/lib,
					/usr/local/Cellar/fmt/9.1.0/lib,
				);
				ONLY_ACTIVE_ARCH = YES;
				OTHER_LDFLAGS = (
					/usr/local/lib/libfltk.a,
					"-lpthread",
					"-framework",
					Cocoa,
				);
				PRODUCT_NAME = "$(TARGET_NAME)";
			};
			name = Release;
		};
/* End XCBuildConfiguration section */

/* Begin XCConfigurationList section */
		9D4B81A728D6375000F2264F /* Build configuration list for PBXProject "smoovcontrol" */ = {
			isa = XCConfigurationList;
			buildConfigurations = (
				9D4B81B128D6375000F2264F /* Debug */,
				9D4B81B228D6375000F2264F /* Release */,
			);
			defaultConfigurationIsVisible = 0;
			defaultConfigurationName = Release;
		};
		9D4B81B328D6375000F2264F /* Build configuration list for PBXNativeTarget "smoovcontrol" */ = {
			isa = XCConfigurationList;
			buildConfigurations = (
				9D4B81B428D6375000F2264F /* Debug */,
				9D4B81B528D6375000F2264F /* Release */,
			);
			defaultConfigurationIsVisible = 0;
			defaultConfigurationName = Release;
		};
/* End XCConfigurationList section */
	};
	rootObject = 9D4B81A428D6375000F2264F /* Project object */;
}
